
Microsoft Visual Studio Solution File, Format Version 12.00
# Visual Studio Version 16
VisualStudioVersion = 16.0.28803.452
MinimumVisualStudioVersion = 10.0.40219.1
Project("{FAE04EC0-301F-11D3-BF4B-00C04F79EFBC}") = "CAI_EjercicioI", "CAI_EjercicioI\CAI_EjercicioI.csproj", "{B978AB65-1674-4606-84E5-F800600F66BD}"
EndProject
Global
	GlobalSection(SolutionConfigurationPlatforms) = preSolution
		Debug|Any CPU = Debug|Any CPU
		Release|Any CPU = Release|Any CPU
	EndGlobalSection
	GlobalSection(ProjectConfigurationPlatforms) = postSolution
		{B978AB65-1674-4606-84E5-F800600F66BD}.Debug|Any CPU.ActiveCfg = Debug|Any CPU
		{B978AB65-1674-4606-84E5-F800600F66BD}.Debug|Any CPU.Build.0 = Debug|Any CPU
		{B978AB65-1674-4606-84E5-F800600F66BD}.Release|Any CPU.ActiveCfg = Release|Any CPU
		{B978AB65-1674-4606-84E5-F800600F66BD}.Release|Any CPU.Build.0 = Release|Any CPU
	EndGlobalSection
	GlobalSection(SolutionProperties) = preSolution
		HideSolutionNode = FALSE
	EndGlobalSection
	GlobalSection(ExtensibilityGlobals) = postSolution
		SolutionGuid = {1B9A154A-95C5-46EB-890A-55356A07B477}
	EndGlobalSection
EndGlobal
